#
# This file is autogenerated by pip-compile with Python 3.12
# by the following command:
#
#    pip-compile --allow-unsafe --output-file=requirements.lock requirements.txt
#
asgiref==3.11.1
    # via
    #   channels
    #   channels-redis
    #   daphne
    #   django
    #   django-cors-headers
attrs==26.1.0
    # via
    #   service-identity
    #   twisted
autobahn==25.12.2
    # via daphne
automat==25.4.16
    # via twisted
cbor2==6.1.2
    # via autobahn
cffi==2.0.0
    # via
    #   autobahn
    #   cryptography
channels==4.3.2
    # via
    #   -r requirements.txt
    #   channels-redis
channels-redis==4.3.0
    # via -r requirements.txt
constantly==23.10.4
    # via twisted
cryptography==48.0.0
    # via
    #   autobahn
    #   pyopenssl
    #   service-identity
daphne==4.2.2
    # via -r requirements.txt
django==5.2.15
    # via
    #   -r requirements.txt
    #   channels
    #   django-cors-headers
    #   djangorestframework
    #   djangorestframework-simplejwt
django-cors-headers==4.9.0
    # via -r requirements.txt
django-environ==0.13.0
    # via -r requirements.txt
djangorestframework==3.16.1
    # via
    #   -r requirements.txt
    #   djangorestframework-simplejwt
djangorestframework-simplejwt==5.5.1
    # via -r requirements.txt
hyperlink==21.0.0
    # via
    #   autobahn
    #   twisted
idna==3.18
    # via
    #   hyperlink
    #   twisted
incremental==24.11.0
    # via twisted
msgpack==1.1.2
    # via
    #   autobahn
    #   channels-redis
packaging==26.2
    # via incremental
pillow==11.3.0
    # via -r requirements.txt
psycopg2-binary==2.9.11
    # via -r requirements.txt
py-ubjson==0.16.1
    # via autobahn
pycparser==3.0
    # via cffi
pyjwt==2.13.0
    # via djangorestframework-simplejwt
pyopenssl==26.2.0
    # via twisted
redis==8.0.0
    # via channels-redis
service-identity==26.1.0
    # via twisted
sqlparse==0.5.5
    # via django
twisted[tls]==26.4.0
    # via daphne
txaio==25.12.2
    # via autobahn
typing-extensions==4.15.0
    # via
    #   pyopenssl
    #   twisted
tzdata==2026.2
    # via django
ujson==5.12.1
    # via autobahn
zope-interface==8.5
    # via twisted
